
Microsoft Visual Studio Solution File, Format Version 12.00
# Visual Studio Version 16
VisualStudioVersion = 16.0.31105.61
MinimumVisualStudioVersion = 10.0.40219.1
Project("{FAE04EC0-301F-11D3-BF4B-00C04F79EFBC}") = "PracticeforQuiz1", "PracticeforQuiz1\PracticeforQuiz1.csproj", "{58227DB7-69DE-4F38-9470-C70CAE2ECCA1}"
EndProject
Project("{FAE04EC0-301F-11D3-BF4B-00C04F79EFBC}") = "Quiz1System", "Quiz1System\Quiz1System.csproj", "{33831534-C6DF-4EC6-8F5D-5147B9ECC8DA}"
EndProject
Global
	GlobalSection(SolutionConfigurationPlatforms) = preSolution
		Debug|Any CPU = Debug|Any CPU
		Release|Any CPU = Release|Any CPU
	EndGlobalSection
	GlobalSection(ProjectConfigurationPlatforms) = postSolution
		{58227DB7-69DE-4F38-9470-C70CAE2ECCA1}.Debug|Any CPU.ActiveCfg = Debug|Any CPU
		{58227DB7-69DE-4F38-9470-C70CAE2ECCA1}.Debug|Any CPU.Build.0 = Debug|Any CPU
		{58227DB7-69DE-4F38-9470-C70CAE2ECCA1}.Release|Any CPU.ActiveCfg = Release|Any CPU
		{58227DB7-69DE-4F38-9470-C70CAE2ECCA1}.Release|Any CPU.Build.0 = Release|Any CPU
		{33831534-C6DF-4EC6-8F5D-5147B9ECC8DA}.Debug|Any CPU.ActiveCfg = Debug|Any CPU
		{33831534-C6DF-4EC6-8F5D-5147B9ECC8DA}.Debug|Any CPU.Build.0 = Debug|Any CPU
		{33831534-C6DF-4EC6-8F5D-5147B9ECC8DA}.Release|Any CPU.ActiveCfg = Release|Any CPU
		{33831534-C6DF-4EC6-8F5D-5147B9ECC8DA}.Release|Any CPU.Build.0 = Release|Any CPU
	EndGlobalSection
	GlobalSection(SolutionProperties) = preSolution
		HideSolutionNode = FALSE
	EndGlobalSection
	GlobalSection(ExtensibilityGlobals) = postSolution
		SolutionGuid = {DC2212A9-9BE2-48C8-BFC8-A765C9624E8E}
	EndGlobalSection
EndGlobal
