
Microsoft Visual Studio Solution File, Format Version 12.00
# Visual Studio Version 16
VisualStudioVersion = 16.0.31105.61
MinimumVisualStudioVersion = 10.0.40219.1
Project("{FAE04EC0-301F-11D3-BF4B-00C04F79EFBC}") = "WebApp", "WebApp\WebApp.csproj", "{2F0570BB-7753-4B17-B874-2FA7653AB8D2}"
EndProject
Project("{FAE04EC0-301F-11D3-BF4B-00C04F79EFBC}") = "ChinookSystem", "D:\Git\DMIT2018\DMIT2018-Practice\ChinookSystem\ChinookSystem.csproj", "{39DCA09E-F0A3-401E-A4D4-A9E12BF69DFC}"
EndProject
Global
	GlobalSection(SolutionConfigurationPlatforms) = preSolution
		Debug|Any CPU = Debug|Any CPU
		Release|Any CPU = Release|Any CPU
	EndGlobalSection
	GlobalSection(ProjectConfigurationPlatforms) = postSolution
		{2F0570BB-7753-4B17-B874-2FA7653AB8D2}.Debug|Any CPU.ActiveCfg = Debug|Any CPU
		{2F0570BB-7753-4B17-B874-2FA7653AB8D2}.Debug|Any CPU.Build.0 = Debug|Any CPU
		{2F0570BB-7753-4B17-B874-2FA7653AB8D2}.Release|Any CPU.ActiveCfg = Release|Any CPU
		{2F0570BB-7753-4B17-B874-2FA7653AB8D2}.Release|Any CPU.Build.0 = Release|Any CPU
		{39DCA09E-F0A3-401E-A4D4-A9E12BF69DFC}.Debug|Any CPU.ActiveCfg = Debug|Any CPU
		{39DCA09E-F0A3-401E-A4D4-A9E12BF69DFC}.Debug|Any CPU.Build.0 = Debug|Any CPU
		{39DCA09E-F0A3-401E-A4D4-A9E12BF69DFC}.Release|Any CPU.ActiveCfg = Release|Any CPU
		{39DCA09E-F0A3-401E-A4D4-A9E12BF69DFC}.Release|Any CPU.Build.0 = Release|Any CPU
	EndGlobalSection
	GlobalSection(SolutionProperties) = preSolution
		HideSolutionNode = FALSE
	EndGlobalSection
	GlobalSection(ExtensibilityGlobals) = postSolution
		SolutionGuid = {C1C8823B-AC58-436A-822B-6BE28884C2A5}
	EndGlobalSection
EndGlobal
